
Microsoft Visual Studio Solution File, Format Version 12.00
# Visual Studio Version 17
VisualStudioVersion = 17.3.32929.385
MinimumVisualStudioVersion = 10.0.40219.1
Project("{FAE04EC0-301F-11D3-BF4B-00C04F79EFBC}") = "OnePlace", "OnePlace\OnePlace.csproj", "{BEDE3E0B-C1AA-489B-B673-DF736ACBB677}"
EndProject
Global
	GlobalSection(SolutionConfigurationPlatforms) = preSolution
		Debug|Any CPU = Debug|Any CPU
		Release|Any CPU = Release|Any CPU
	EndGlobalSection
	GlobalSection(ProjectConfigurationPlatforms) = postSolution
		{BEDE3E0B-C1AA-489B-B673-DF736ACBB677}.Debug|Any CPU.ActiveCfg = Debug|Any CPU
		{BEDE3E0B-C1AA-489B-B673-DF736ACBB677}.Debug|Any CPU.Build.0 = Debug|Any CPU
		{BEDE3E0B-C1AA-489B-B673-DF736ACBB677}.Release|Any CPU.ActiveCfg = Release|Any CPU
		{BEDE3E0B-C1AA-489B-B673-DF736ACBB677}.Release|Any CPU.Build.0 = Release|Any CPU
	EndGlobalSection
	GlobalSection(SolutionProperties) = preSolution
		HideSolutionNode = FALSE
	EndGlobalSection
	GlobalSection(ExtensibilityGlobals) = postSolution
		SolutionGuid = {A6D80ECD-2ED9-471C-9730-402078097956}
	EndGlobalSection
EndGlobal
